{
  "name": "DerpibooruDownloaderPlugin",
  "lockfileVersion": 2,
  "requires": true,
  "packages": {
    "": {
      "dependencies": {
        "jQuery": "^1.7.4",
        "sweetalert2": "^11.3.0"
      }
    },
    "node_modules/jQuery": {
      "version": "1.7.4",
      "resolved": "https://registry.npmjs.org/jQuery/-/jQuery-1.7.4.tgz",
      "integrity": "sha1-8y3FyFpwRO6GS0RDue5F+UeLoTc=",
      "deprecated": "This is deprecated. Please use 'jquery' (all lowercase).",
      "engines": {
        "node": ">=0.6"
      }
    },
    "node_modules/sweetalert2": {
      "version": "11.3.0",
      "resolved": "https://registry.npmjs.org/sweetalert2/-/sweetalert2-11.3.0.tgz",
      "integrity": "sha512-C0TFp0VLxgx+PmhJ0mL8qzx+iYjnCLdDbvQHKY6KAGI+xwawMvLkStPgw2LmJl6itaDhR/qLQStPFIbr1VK9Ow==",
      "funding": {
        "url": "https://sweetalert2.github.io/#donations"
      }
    }
  },
  "dependencies": {
    "jQuery": {
      "version": "1.7.4",
      "resolved": "https://registry.npmjs.org/jQuery/-/jQuery-1.7.4.tgz",
      "integrity": "sha1-8y3FyFpwRO6GS0RDue5F+UeLoTc="
    },
    "sweetalert2": {
      "version": "11.3.0",
      "resolved": "https://registry.npmjs.org/sweetalert2/-/sweetalert2-11.3.0.tgz",
      "integrity": "sha512-C0TFp0VLxgx+PmhJ0mL8qzx+iYjnCLdDbvQHKY6KAGI+xwawMvLkStPgw2LmJl6itaDhR/qLQStPFIbr1VK9Ow=="
    }
  }
}
